
Microsoft Visual Studio Solution File, Format Version 12.00
# Visual Studio Version 17
VisualStudioVersion = 17.5.002.0
MinimumVisualStudioVersion = 10.0.40219.1
Project("{9A19103F-16F7-4668-BE54-9A1E7A4F7556}") = "QMnemonic.Tests.Integration", "QMnemonic.Tests.Integration\QMnemonic.Tests.Integration.csproj", "{7C05C0A8-7CC3-41E8-BF3F-29EC109E2951}"
EndProject
Project("{9A19103F-16F7-4668-BE54-9A1E7A4F7556}") = "QMnemonic.Infrastructure", "QMnemonic.Infrastructure\QMnemonic.Infrastructure.csproj", "{0539FC47-B03D-40EE-8104-CF3A0A4AF6AB}"
EndProject
Project("{9A19103F-16F7-4668-BE54-9A1E7A4F7556}") = "QMnemonic.Tests.Unit", "QMnemonic.Tests.Unit\QMnemonic.Tests.Unit.csproj", "{5144B0D1-CF97-4AF2-992A-F3C4C1C1BDF1}"
EndProject
Project("{9A19103F-16F7-4668-BE54-9A1E7A4F7556}") = "QMnemonic.Api", "QMnemonic.Api\QMnemonic.Api.csproj", "{5B3CAD1A-7CBA-43E3-9E47-FC1F79934788}"
EndProject
Project("{9A19103F-16F7-4668-BE54-9A1E7A4F7556}") = "QMnemonic.Application", "QMnemonic.Application\QMnemonic.Application.csproj", "{DCEDC493-7288-47E0-9361-B06FE191DC43}"
EndProject
Project("{9A19103F-16F7-4668-BE54-9A1E7A4F7556}") = "QMnemonic.Domain", "QMnemonic.Domain\QMnemonic.Domain.csproj", "{27E2D97E-0D8F-4B8A-9500-BA57A7FC495F}"
EndProject
Global
	GlobalSection(SolutionConfigurationPlatforms) = preSolution
		Debug|Any CPU = Debug|Any CPU
		Release|Any CPU = Release|Any CPU
	EndGlobalSection
	GlobalSection(ProjectConfigurationPlatforms) = postSolution
		{7C05C0A8-7CC3-41E8-BF3F-29EC109E2951}.Debug|Any CPU.ActiveCfg = Debug|Any CPU
		{7C05C0A8-7CC3-41E8-BF3F-29EC109E2951}.Debug|Any CPU.Build.0 = Debug|Any CPU
		{7C05C0A8-7CC3-41E8-BF3F-29EC109E2951}.Release|Any CPU.ActiveCfg = Release|Any CPU
		{7C05C0A8-7CC3-41E8-BF3F-29EC109E2951}.Release|Any CPU.Build.0 = Release|Any CPU
		{0539FC47-B03D-40EE-8104-CF3A0A4AF6AB}.Debug|Any CPU.ActiveCfg = Debug|Any CPU
		{0539FC47-B03D-40EE-8104-CF3A0A4AF6AB}.Debug|Any CPU.Build.0 = Debug|Any CPU
		{0539FC47-B03D-40EE-8104-CF3A0A4AF6AB}.Release|Any CPU.ActiveCfg = Release|Any CPU
		{0539FC47-B03D-40EE-8104-CF3A0A4AF6AB}.Release|Any CPU.Build.0 = Release|Any CPU
		{5144B0D1-CF97-4AF2-992A-F3C4C1C1BDF1}.Debug|Any CPU.ActiveCfg = Debug|Any CPU
		{5144B0D1-CF97-4AF2-992A-F3C4C1C1BDF1}.Debug|Any CPU.Build.0 = Debug|Any CPU
		{5144B0D1-CF97-4AF2-992A-F3C4C1C1BDF1}.Release|Any CPU.ActiveCfg = Release|Any CPU
		{5144B0D1-CF97-4AF2-992A-F3C4C1C1BDF1}.Release|Any CPU.Build.0 = Release|Any CPU
		{5B3CAD1A-7CBA-43E3-9E47-FC1F79934788}.Debug|Any CPU.ActiveCfg = Debug|Any CPU
		{5B3CAD1A-7CBA-43E3-9E47-FC1F79934788}.Debug|Any CPU.Build.0 = Debug|Any CPU
		{5B3CAD1A-7CBA-43E3-9E47-FC1F79934788}.Release|Any CPU.ActiveCfg = Release|Any CPU
		{5B3CAD1A-7CBA-43E3-9E47-FC1F79934788}.Release|Any CPU.Build.0 = Release|Any CPU
		{DCEDC493-7288-47E0-9361-B06FE191DC43}.Debug|Any CPU.ActiveCfg = Debug|Any CPU
		{DCEDC493-7288-47E0-9361-B06FE191DC43}.Debug|Any CPU.Build.0 = Debug|Any CPU
		{DCEDC493-7288-47E0-9361-B06FE191DC43}.Release|Any CPU.ActiveCfg = Release|Any CPU
		{DCEDC493-7288-47E0-9361-B06FE191DC43}.Release|Any CPU.Build.0 = Release|Any CPU
		{27E2D97E-0D8F-4B8A-9500-BA57A7FC495F}.Debug|Any CPU.ActiveCfg = Debug|Any CPU
		{27E2D97E-0D8F-4B8A-9500-BA57A7FC495F}.Debug|Any CPU.Build.0 = Debug|Any CPU
		{27E2D97E-0D8F-4B8A-9500-BA57A7FC495F}.Release|Any CPU.ActiveCfg = Release|Any CPU
		{27E2D97E-0D8F-4B8A-9500-BA57A7FC495F}.Release|Any CPU.Build.0 = Release|Any CPU
	EndGlobalSection
	GlobalSection(SolutionProperties) = preSolution
		HideSolutionNode = FALSE
	EndGlobalSection
	GlobalSection(ExtensibilityGlobals) = postSolution
		SolutionGuid = {1AD5749B-658E-4397-A2CD-E73161B50BE4}
	EndGlobalSection
EndGlobal
